
Microsoft Visual Studio Solution File, Format Version 11.00
# Visual Studio 2010
Project("{FAE04EC0-301F-11D3-BF4B-00C04F79EFBC}") = "AchtungPolizei.Tray", "AchtungPolizei.Tray\AchtungPolizei.Tray.csproj", "{5069486F-9537-4676-B5CC-4A9F1CFE2A30}"
EndProject
Project("{FAE04EC0-301F-11D3-BF4B-00C04F79EFBC}") = "AchtungPolizei.Core", "AchtungPolizei.Core\AchtungPolizei.Core.csproj", "{DBE39910-FD55-4E95-ACE5-E7012B178FCC}"
EndProject
Project("{FAE04EC0-301F-11D3-BF4B-00C04F79EFBC}") = "AchtungPolizei.Plugins", "AchtungPolizei.Plugins\AchtungPolizei.Plugins.csproj", "{5AA3EEB4-AAC7-40F7-8AE9-AF80B10D40BA}"
EndProject
Project("{FAE04EC0-301F-11D3-BF4B-00C04F79EFBC}") = "AchtungPolizei.Plugins.TextToSpeech", "AchtungPolizei.Plugins.TextToSpeech\AchtungPolizei.Plugins.TextToSpeech.csproj", "{E32F0A3F-4EC3-4093-9AE3-DBE2AF6C6F8C}"
EndProject
Project("{FAE04EC0-301F-11D3-BF4B-00C04F79EFBC}") = "AchtungPolizei.Plugins.TextToSpeechTest", "AchtungPolizei.Plugins.TextToSpeechTest\AchtungPolizei.Plugins.TextToSpeechTest.csproj", "{B13041AF-6522-4972-9760-1285A3EB1591}"
	ProjectSection(ProjectDependencies) = postProject
		{5AA3EEB4-AAC7-40F7-8AE9-AF80B10D40BA} = {5AA3EEB4-AAC7-40F7-8AE9-AF80B10D40BA}
	EndProjectSection
EndProject
Global
	GlobalSection(SolutionConfigurationPlatforms) = preSolution
		Debug|Any CPU = Debug|Any CPU
		Debug|Mixed Platforms = Debug|Mixed Platforms
		Debug|x86 = Debug|x86
		Release|Any CPU = Release|Any CPU
		Release|Mixed Platforms = Release|Mixed Platforms
		Release|x86 = Release|x86
	EndGlobalSection
	GlobalSection(ProjectConfigurationPlatforms) = postSolution
		{5069486F-9537-4676-B5CC-4A9F1CFE2A30}.Debug|Any CPU.ActiveCfg = Debug|x86
		{5069486F-9537-4676-B5CC-4A9F1CFE2A30}.Debug|Mixed Platforms.ActiveCfg = Debug|x86
		{5069486F-9537-4676-B5CC-4A9F1CFE2A30}.Debug|Mixed Platforms.Build.0 = Debug|x86
		{5069486F-9537-4676-B5CC-4A9F1CFE2A30}.Debug|x86.ActiveCfg = Debug|x86
		{5069486F-9537-4676-B5CC-4A9F1CFE2A30}.Debug|x86.Build.0 = Debug|x86
		{5069486F-9537-4676-B5CC-4A9F1CFE2A30}.Release|Any CPU.ActiveCfg = Release|x86
		{5069486F-9537-4676-B5CC-4A9F1CFE2A30}.Release|Mixed Platforms.ActiveCfg = Release|x86
		{5069486F-9537-4676-B5CC-4A9F1CFE2A30}.Release|Mixed Platforms.Build.0 = Release|x86
		{5069486F-9537-4676-B5CC-4A9F1CFE2A30}.Release|x86.ActiveCfg = Release|x86
		{5069486F-9537-4676-B5CC-4A9F1CFE2A30}.Release|x86.Build.0 = Release|x86
		{DBE39910-FD55-4E95-ACE5-E7012B178FCC}.Debug|Any CPU.ActiveCfg = Debug|Any CPU
		{DBE39910-FD55-4E95-ACE5-E7012B178FCC}.Debug|Any CPU.Build.0 = Debug|Any CPU
		{DBE39910-FD55-4E95-ACE5-E7012B178FCC}.Debug|Mixed Platforms.ActiveCfg = Debug|Any CPU
		{DBE39910-FD55-4E95-ACE5-E7012B178FCC}.Debug|Mixed Platforms.Build.0 = Debug|Any CPU
		{DBE39910-FD55-4E95-ACE5-E7012B178FCC}.Debug|x86.ActiveCfg = Debug|Any CPU
		{DBE39910-FD55-4E95-ACE5-E7012B178FCC}.Release|Any CPU.ActiveCfg = Release|Any CPU
		{DBE39910-FD55-4E95-ACE5-E7012B178FCC}.Release|Any CPU.Build.0 = Release|Any CPU
		{DBE39910-FD55-4E95-ACE5-E7012B178FCC}.Release|Mixed Platforms.ActiveCfg = Release|Any CPU
		{DBE39910-FD55-4E95-ACE5-E7012B178FCC}.Release|Mixed Platforms.Build.0 = Release|Any CPU
		{DBE39910-FD55-4E95-ACE5-E7012B178FCC}.Release|x86.ActiveCfg = Release|Any CPU
		{5AA3EEB4-AAC7-40F7-8AE9-AF80B10D40BA}.Debug|Any CPU.ActiveCfg = Debug|Any CPU
		{5AA3EEB4-AAC7-40F7-8AE9-AF80B10D40BA}.Debug|Any CPU.Build.0 = Debug|Any CPU
		{5AA3EEB4-AAC7-40F7-8AE9-AF80B10D40BA}.Debug|Mixed Platforms.ActiveCfg = Debug|Any CPU
		{5AA3EEB4-AAC7-40F7-8AE9-AF80B10D40BA}.Debug|Mixed Platforms.Build.0 = Debug|Any CPU
		{5AA3EEB4-AAC7-40F7-8AE9-AF80B10D40BA}.Debug|x86.ActiveCfg = Debug|Any CPU
		{5AA3EEB4-AAC7-40F7-8AE9-AF80B10D40BA}.Release|Any CPU.ActiveCfg = Release|Any CPU
		{5AA3EEB4-AAC7-40F7-8AE9-AF80B10D40BA}.Release|Any CPU.Build.0 = Release|Any CPU
		{5AA3EEB4-AAC7-40F7-8AE9-AF80B10D40BA}.Release|Mixed Platforms.ActiveCfg = Release|Any CPU
		{5AA3EEB4-AAC7-40F7-8AE9-AF80B10D40BA}.Release|Mixed Platforms.Build.0 = Release|Any CPU
		{5AA3EEB4-AAC7-40F7-8AE9-AF80B10D40BA}.Release|x86.ActiveCfg = Release|Any CPU
		{E32F0A3F-4EC3-4093-9AE3-DBE2AF6C6F8C}.Debug|Any CPU.ActiveCfg = Debug|Any CPU
		{E32F0A3F-4EC3-4093-9AE3-DBE2AF6C6F8C}.Debug|Any CPU.Build.0 = Debug|Any CPU
		{E32F0A3F-4EC3-4093-9AE3-DBE2AF6C6F8C}.Debug|Mixed Platforms.ActiveCfg = Debug|Any CPU
		{E32F0A3F-4EC3-4093-9AE3-DBE2AF6C6F8C}.Debug|Mixed Platforms.Build.0 = Debug|Any CPU
		{E32F0A3F-4EC3-4093-9AE3-DBE2AF6C6F8C}.Debug|x86.ActiveCfg = Debug|Any CPU
		{E32F0A3F-4EC3-4093-9AE3-DBE2AF6C6F8C}.Release|Any CPU.ActiveCfg = Release|Any CPU
		{E32F0A3F-4EC3-4093-9AE3-DBE2AF6C6F8C}.Release|Any CPU.Build.0 = Release|Any CPU
		{E32F0A3F-4EC3-4093-9AE3-DBE2AF6C6F8C}.Release|Mixed Platforms.ActiveCfg = Release|Any CPU
		{E32F0A3F-4EC3-4093-9AE3-DBE2AF6C6F8C}.Release|Mixed Platforms.Build.0 = Release|Any CPU
		{E32F0A3F-4EC3-4093-9AE3-DBE2AF6C6F8C}.Release|x86.ActiveCfg = Release|Any CPU
		{B13041AF-6522-4972-9760-1285A3EB1591}.Debug|Any CPU.ActiveCfg = Debug|x86
		{B13041AF-6522-4972-9760-1285A3EB1591}.Debug|Mixed Platforms.ActiveCfg = Debug|x86
		{B13041AF-6522-4972-9760-1285A3EB1591}.Debug|Mixed Platforms.Build.0 = Debug|x86
		{B13041AF-6522-4972-9760-1285A3EB1591}.Debug|x86.ActiveCfg = Debug|x86
		{B13041AF-6522-4972-9760-1285A3EB1591}.Debug|x86.Build.0 = Debug|x86
		{B13041AF-6522-4972-9760-1285A3EB1591}.Release|Any CPU.ActiveCfg = Release|x86
		{B13041AF-6522-4972-9760-1285A3EB1591}.Release|Mixed Platforms.ActiveCfg = Release|x86
		{B13041AF-6522-4972-9760-1285A3EB1591}.Release|Mixed Platforms.Build.0 = Release|x86
		{B13041AF-6522-4972-9760-1285A3EB1591}.Release|x86.ActiveCfg = Release|x86
		{B13041AF-6522-4972-9760-1285A3EB1591}.Release|x86.Build.0 = Release|x86
	EndGlobalSection
	GlobalSection(SolutionProperties) = preSolution
		HideSolutionNode = FALSE
	EndGlobalSection
EndGlobal
